<?xml version="1.0" encoding="utf-8"?>
<Project ToolsVersion="4.0" xmlns="http://schemas.microsoft.com/developer/msbuild/2003">
  <ItemGroup>
    <Filter Include="Source Files">
      <UniqueIdentifier>{4FC737F1-C7A5-4376-A066-2A32D752A2FF}</UniqueIdentifier>
      <Extensions>cpp;c;cc;cxx;def;odl;idl;hpj;bat;asm;asmx</Extensions>
    </Filter>
    <Filter Include="Header Files">
      <UniqueIdentifier>{93995380-89BD-4b04-88EB-625FBE52EBFB}</UniqueIdentifier>
      <Extensions>h;hh;hpp;hxx;hm;inl;inc;xsd</Extensions>
    </Filter>
    <Filter Include="Resource Files">
      <UniqueIdentifier>{67DA6AB6-F800-4c08-8B7A-83BB121AAD01}</UniqueIdentifier>
      <Extensions>rc;ico;cur;bmp;dlg;rc2;rct;bin;rgs;gif;jpg;jpeg;jpe;resx;tiff;tif;png;wav;mfcribbon-ms</Extensions>
    </Filter>
    <Filter Include="Shaders">
      <UniqueIdentifier>{601c8bfa-62e1-42d3-86b9-c4d1ffe2a573}</UniqueIdentifier>
    </Filter>
    <Filter Include="VCG">
      <UniqueIdentifier>{eee0c76b-d180-4db5-97e0-2b2fcf588f0c}</UniqueIdentifier>
    </Filter>
  </ItemGroup>
  <ItemGroup>
    <ClInclude Include="colorCoding.h">
      <Filter>Header Files</Filter>
    </ClInclude>
    <ClInclude Include="common.h">
      <Filter>Header Files</Filter>
    </ClInclude>
    <ClInclude Include="openGLResources.h">
      <Filter>Header Files</Filter>
    </ClInclude>
    <ClInclude Include="plylib.h">
      <Filter>VCG</Filter>
    </ClInclude>
    <ClInclude Include="plystuff.h">
      <Filter>VCG</Filter>
    </ClInclude>
    <ClInclude Include="Resource.h">
      <Filter>Header Files</Filter>
    </ClInclude>
    <ClInclude Include="stdafx.h">
      <Filter>Header Files</Filter>
    </ClInclude>
    <ClInclude Include="MeshHelper.h">
      <Filter>Header Files</Filter>
    </ClInclude>
    <ClInclude Include="VcgMeshContainer.h">
      <Filter>Header Files</Filter>
    </ClInclude>
    <ClInclude Include="InteractiveFusion.h">
      <Filter>Header Files</Filter>
    </ClInclude>
    <ClInclude Include="OpenGLCamera.h">
      <Filter>Header Files</Filter>
    </ClInclude>
    <ClInclude Include="OpenGLControl.h">
      <Filter>Header Files</Filter>
    </ClInclude>
    <ClInclude Include="VisualizationHelper.h">
      <Filter>Header Files</Filter>
    </ClInclude>
    <ClInclude Include="SegmentationHelper.h">
      <Filter>Header Files</Filter>
    </ClInclude>
    <ClInclude Include="SelectionHelper.h">
      <Filter>Header Files</Filter>
    </ClInclude>
    <ClInclude Include="OpenGLShaders.h">
      <Filter>Header Files</Filter>
    </ClInclude>
    <ClInclude Include="OpenGLText.h">
      <Filter>Header Files</Filter>
    </ClInclude>
    <ClInclude Include="PCLProcessor.h">
      <Filter>Header Files</Filter>
    </ClInclude>
  </ItemGroup>
  <ItemGroup>
    <ClCompile Include="plylib.cpp">
      <Filter>VCG</Filter>
    </ClCompile>
    <ClCompile Include="MeshHelper.cpp">
      <Filter>Source Files</Filter>
    </ClCompile>
    <ClCompile Include="VcgMeshContainer.cpp">
      <Filter>Source Files</Filter>
    </ClCompile>
    <ClCompile Include="InteractiveFusion.cpp">
      <Filter>Source Files</Filter>
    </ClCompile>
    <ClCompile Include="OpenGLCamera.cpp">
      <Filter>Source Files</Filter>
    </ClCompile>
    <ClCompile Include="OpenGLControl.cpp">
      <Filter>Source Files</Filter>
    </ClCompile>
    <ClCompile Include="VisualizationHelper.cpp">
      <Filter>Source Files</Filter>
    </ClCompile>
    <ClCompile Include="OpenGLRendering.cpp">
      <Filter>Source Files</Filter>
    </ClCompile>
    <ClCompile Include="SegmentationHelper.cpp">
      <Filter>Source Files</Filter>
    </ClCompile>
    <ClCompile Include="SelectionHelper.cpp">
      <Filter>Source Files</Filter>
    </ClCompile>
    <ClCompile Include="OpenGLShaders.cpp">
      <Filter>Source Files</Filter>
    </ClCompile>
    <ClCompile Include="OpenGLText.cpp">
      <Filter>Source Files</Filter>
    </ClCompile>
    <ClCompile Include="PCLProcessor.cpp">
      <Filter>Source Files</Filter>
    </ClCompile>
  </ItemGroup>
  <ItemGroup>
    <None Include="data\shaders\color.frag">
      <Filter>Shaders</Filter>
    </None>
    <None Include="data\shaders\font.frag">
      <Filter>Shaders</Filter>
    </None>
    <None Include="data\shaders\color.vert">
      <Filter>Shaders</Filter>
    </None>
    <None Include="data\shaders\font.vert">
      <Filter>Shaders</Filter>
    </None>
  </ItemGroup>
  <ItemGroup>
    <ResourceCompile Include="InteractiveFusion.rc">
      <Filter>Resource Files</Filter>
    </ResourceCompile>
  </ItemGroup>
</Project>